
Microsoft Visual Studio Solution File, Format Version 11.00
# Visual Studio 2010
Project("{FAE04EC0-301F-11D3-BF4B-00C04F79EFBC}") = "RxDuinoConsole", "RxDuinoConsole\RxDuinoConsole.csproj", "{5B466B6B-21FD-44F4-A339-159121EFC8D6}"
EndProject
Project("{FAE04EC0-301F-11D3-BF4B-00C04F79EFBC}") = "RxDuinoCryptLib", "RxDuinoCryptLib\RxDuinoCryptLib.csproj", "{9DBB1A5D-31DB-4260-B6BA-456AFCE0C761}"
EndProject
Project("{FAE04EC0-301F-11D3-BF4B-00C04F79EFBC}") = "RxDuinoMessageSender", "RxDuinoMessageSender\RxDuinoMessageSender.csproj", "{868FC4C5-5CD6-4B43-AE16-E401FE93DEA5}"
EndProject
Global
	GlobalSection(SolutionConfigurationPlatforms) = preSolution
		CD_ROM|Any CPU = CD_ROM|Any CPU
		CD_ROM|Mixed Platforms = CD_ROM|Mixed Platforms
		CD_ROM|x64 = CD_ROM|x64
		CD_ROM|x86 = CD_ROM|x86
		Debug|Any CPU = Debug|Any CPU
		Debug|Mixed Platforms = Debug|Mixed Platforms
		Debug|x64 = Debug|x64
		Debug|x86 = Debug|x86
		DVD-5|Any CPU = DVD-5|Any CPU
		DVD-5|Mixed Platforms = DVD-5|Mixed Platforms
		DVD-5|x64 = DVD-5|x64
		DVD-5|x86 = DVD-5|x86
		Release|Any CPU = Release|Any CPU
		Release|Mixed Platforms = Release|Mixed Platforms
		Release|x64 = Release|x64
		Release|x86 = Release|x86
		SingleImage|Any CPU = SingleImage|Any CPU
		SingleImage|Mixed Platforms = SingleImage|Mixed Platforms
		SingleImage|x64 = SingleImage|x64
		SingleImage|x86 = SingleImage|x86
	EndGlobalSection
	GlobalSection(ProjectConfigurationPlatforms) = postSolution
		{5B466B6B-21FD-44F4-A339-159121EFC8D6}.CD_ROM|Any CPU.ActiveCfg = Release|x64
		{5B466B6B-21FD-44F4-A339-159121EFC8D6}.CD_ROM|Mixed Platforms.ActiveCfg = Release|x64
		{5B466B6B-21FD-44F4-A339-159121EFC8D6}.CD_ROM|Mixed Platforms.Build.0 = Release|x64
		{5B466B6B-21FD-44F4-A339-159121EFC8D6}.CD_ROM|x64.ActiveCfg = Release|x64
		{5B466B6B-21FD-44F4-A339-159121EFC8D6}.CD_ROM|x64.Build.0 = Release|x64
		{5B466B6B-21FD-44F4-A339-159121EFC8D6}.CD_ROM|x86.ActiveCfg = Release|x64
		{5B466B6B-21FD-44F4-A339-159121EFC8D6}.Debug|Any CPU.ActiveCfg = Debug|x64
		{5B466B6B-21FD-44F4-A339-159121EFC8D6}.Debug|Mixed Platforms.ActiveCfg = Debug|x64
		{5B466B6B-21FD-44F4-A339-159121EFC8D6}.Debug|Mixed Platforms.Build.0 = Debug|x64
		{5B466B6B-21FD-44F4-A339-159121EFC8D6}.Debug|x64.ActiveCfg = Debug|x64
		{5B466B6B-21FD-44F4-A339-159121EFC8D6}.Debug|x64.Build.0 = Debug|x64
		{5B466B6B-21FD-44F4-A339-159121EFC8D6}.Debug|x86.ActiveCfg = Debug|x86
		{5B466B6B-21FD-44F4-A339-159121EFC8D6}.Debug|x86.Build.0 = Debug|x86
		{5B466B6B-21FD-44F4-A339-159121EFC8D6}.DVD-5|Any CPU.ActiveCfg = Debug|x64
		{5B466B6B-21FD-44F4-A339-159121EFC8D6}.DVD-5|Mixed Platforms.ActiveCfg = Debug|x64
		{5B466B6B-21FD-44F4-A339-159121EFC8D6}.DVD-5|Mixed Platforms.Build.0 = Debug|x64
		{5B466B6B-21FD-44F4-A339-159121EFC8D6}.DVD-5|x64.ActiveCfg = Debug|x64
		{5B466B6B-21FD-44F4-A339-159121EFC8D6}.DVD-5|x64.Build.0 = Debug|x64
		{5B466B6B-21FD-44F4-A339-159121EFC8D6}.DVD-5|x86.ActiveCfg = Debug|x64
		{5B466B6B-21FD-44F4-A339-159121EFC8D6}.Release|Any CPU.ActiveCfg = Release|x64
		{5B466B6B-21FD-44F4-A339-159121EFC8D6}.Release|Mixed Platforms.ActiveCfg = Release|x64
		{5B466B6B-21FD-44F4-A339-159121EFC8D6}.Release|Mixed Platforms.Build.0 = Release|x64
		{5B466B6B-21FD-44F4-A339-159121EFC8D6}.Release|x64.ActiveCfg = Release|x64
		{5B466B6B-21FD-44F4-A339-159121EFC8D6}.Release|x64.Build.0 = Release|x64
		{5B466B6B-21FD-44F4-A339-159121EFC8D6}.Release|x86.ActiveCfg = Release|x86
		{5B466B6B-21FD-44F4-A339-159121EFC8D6}.Release|x86.Build.0 = Release|x86
		{5B466B6B-21FD-44F4-A339-159121EFC8D6}.SingleImage|Any CPU.ActiveCfg = Release|x64
		{5B466B6B-21FD-44F4-A339-159121EFC8D6}.SingleImage|Mixed Platforms.ActiveCfg = Release|x64
		{5B466B6B-21FD-44F4-A339-159121EFC8D6}.SingleImage|Mixed Platforms.Build.0 = Release|x64
		{5B466B6B-21FD-44F4-A339-159121EFC8D6}.SingleImage|x64.ActiveCfg = Release|x64
		{5B466B6B-21FD-44F4-A339-159121EFC8D6}.SingleImage|x64.Build.0 = Release|x64
		{5B466B6B-21FD-44F4-A339-159121EFC8D6}.SingleImage|x86.ActiveCfg = Release|x64
		{9DBB1A5D-31DB-4260-B6BA-456AFCE0C761}.CD_ROM|Any CPU.ActiveCfg = Release|Any CPU
		{9DBB1A5D-31DB-4260-B6BA-456AFCE0C761}.CD_ROM|Any CPU.Build.0 = Release|Any CPU
		{9DBB1A5D-31DB-4260-B6BA-456AFCE0C761}.CD_ROM|Mixed Platforms.ActiveCfg = Release|Any CPU
		{9DBB1A5D-31DB-4260-B6BA-456AFCE0C761}.CD_ROM|Mixed Platforms.Build.0 = Release|Any CPU
		{9DBB1A5D-31DB-4260-B6BA-456AFCE0C761}.CD_ROM|x64.ActiveCfg = Release|Any CPU
		{9DBB1A5D-31DB-4260-B6BA-456AFCE0C761}.CD_ROM|x86.ActiveCfg = Release|Any CPU
		{9DBB1A5D-31DB-4260-B6BA-456AFCE0C761}.Debug|Any CPU.ActiveCfg = Debug|Any CPU
		{9DBB1A5D-31DB-4260-B6BA-456AFCE0C761}.Debug|Any CPU.Build.0 = Debug|Any CPU
		{9DBB1A5D-31DB-4260-B6BA-456AFCE0C761}.Debug|Mixed Platforms.ActiveCfg = Debug|Any CPU
		{9DBB1A5D-31DB-4260-B6BA-456AFCE0C761}.Debug|Mixed Platforms.Build.0 = Debug|Any CPU
		{9DBB1A5D-31DB-4260-B6BA-456AFCE0C761}.Debug|x64.ActiveCfg = Debug|Any CPU
		{9DBB1A5D-31DB-4260-B6BA-456AFCE0C761}.Debug|x86.ActiveCfg = Debug|Any CPU
		{9DBB1A5D-31DB-4260-B6BA-456AFCE0C761}.DVD-5|Any CPU.ActiveCfg = Debug|Any CPU
		{9DBB1A5D-31DB-4260-B6BA-456AFCE0C761}.DVD-5|Any CPU.Build.0 = Debug|Any CPU
		{9DBB1A5D-31DB-4260-B6BA-456AFCE0C761}.DVD-5|Mixed Platforms.ActiveCfg = Debug|Any CPU
		{9DBB1A5D-31DB-4260-B6BA-456AFCE0C761}.DVD-5|Mixed Platforms.Build.0 = Debug|Any CPU
		{9DBB1A5D-31DB-4260-B6BA-456AFCE0C761}.DVD-5|x64.ActiveCfg = Debug|Any CPU
		{9DBB1A5D-31DB-4260-B6BA-456AFCE0C761}.DVD-5|x86.ActiveCfg = Debug|Any CPU
		{9DBB1A5D-31DB-4260-B6BA-456AFCE0C761}.Release|Any CPU.ActiveCfg = Release|Any CPU
		{9DBB1A5D-31DB-4260-B6BA-456AFCE0C761}.Release|Any CPU.Build.0 = Release|Any CPU
		{9DBB1A5D-31DB-4260-B6BA-456AFCE0C761}.Release|Mixed Platforms.ActiveCfg = Release|Any CPU
		{9DBB1A5D-31DB-4260-B6BA-456AFCE0C761}.Release|Mixed Platforms.Build.0 = Release|Any CPU
		{9DBB1A5D-31DB-4260-B6BA-456AFCE0C761}.Release|x64.ActiveCfg = Release|Any CPU
		{9DBB1A5D-31DB-4260-B6BA-456AFCE0C761}.Release|x86.ActiveCfg = Release|x86
		{9DBB1A5D-31DB-4260-B6BA-456AFCE0C761}.SingleImage|Any CPU.ActiveCfg = Release|Any CPU
		{9DBB1A5D-31DB-4260-B6BA-456AFCE0C761}.SingleImage|Any CPU.Build.0 = Release|Any CPU
		{9DBB1A5D-31DB-4260-B6BA-456AFCE0C761}.SingleImage|Mixed Platforms.ActiveCfg = Release|Any CPU
		{9DBB1A5D-31DB-4260-B6BA-456AFCE0C761}.SingleImage|Mixed Platforms.Build.0 = Release|Any CPU
		{9DBB1A5D-31DB-4260-B6BA-456AFCE0C761}.SingleImage|x64.ActiveCfg = Release|Any CPU
		{9DBB1A5D-31DB-4260-B6BA-456AFCE0C761}.SingleImage|x86.ActiveCfg = Release|Any CPU
		{868FC4C5-5CD6-4B43-AE16-E401FE93DEA5}.CD_ROM|Any CPU.ActiveCfg = Release|x86
		{868FC4C5-5CD6-4B43-AE16-E401FE93DEA5}.CD_ROM|Mixed Platforms.ActiveCfg = Release|x86
		{868FC4C5-5CD6-4B43-AE16-E401FE93DEA5}.CD_ROM|Mixed Platforms.Build.0 = Release|x86
		{868FC4C5-5CD6-4B43-AE16-E401FE93DEA5}.CD_ROM|x64.ActiveCfg = Release|x86
		{868FC4C5-5CD6-4B43-AE16-E401FE93DEA5}.CD_ROM|x86.ActiveCfg = Release|x86
		{868FC4C5-5CD6-4B43-AE16-E401FE93DEA5}.CD_ROM|x86.Build.0 = Release|x86
		{868FC4C5-5CD6-4B43-AE16-E401FE93DEA5}.Debug|Any CPU.ActiveCfg = Debug|x86
		{868FC4C5-5CD6-4B43-AE16-E401FE93DEA5}.Debug|Mixed Platforms.ActiveCfg = Debug|x86
		{868FC4C5-5CD6-4B43-AE16-E401FE93DEA5}.Debug|Mixed Platforms.Build.0 = Debug|x86
		{868FC4C5-5CD6-4B43-AE16-E401FE93DEA5}.Debug|x64.ActiveCfg = Debug|x86
		{868FC4C5-5CD6-4B43-AE16-E401FE93DEA5}.Debug|x86.ActiveCfg = Debug|x86
		{868FC4C5-5CD6-4B43-AE16-E401FE93DEA5}.Debug|x86.Build.0 = Debug|x86
		{868FC4C5-5CD6-4B43-AE16-E401FE93DEA5}.DVD-5|Any CPU.ActiveCfg = Debug|x86
		{868FC4C5-5CD6-4B43-AE16-E401FE93DEA5}.DVD-5|Mixed Platforms.ActiveCfg = Debug|x86
		{868FC4C5-5CD6-4B43-AE16-E401FE93DEA5}.DVD-5|Mixed Platforms.Build.0 = Debug|x86
		{868FC4C5-5CD6-4B43-AE16-E401FE93DEA5}.DVD-5|x64.ActiveCfg = Debug|x86
		{868FC4C5-5CD6-4B43-AE16-E401FE93DEA5}.DVD-5|x86.ActiveCfg = Debug|x86
		{868FC4C5-5CD6-4B43-AE16-E401FE93DEA5}.DVD-5|x86.Build.0 = Debug|x86
		{868FC4C5-5CD6-4B43-AE16-E401FE93DEA5}.Release|Any CPU.ActiveCfg = Release|x86
		{868FC4C5-5CD6-4B43-AE16-E401FE93DEA5}.Release|Mixed Platforms.ActiveCfg = Release|x86
		{868FC4C5-5CD6-4B43-AE16-E401FE93DEA5}.Release|Mixed Platforms.Build.0 = Release|x86
		{868FC4C5-5CD6-4B43-AE16-E401FE93DEA5}.Release|x64.ActiveCfg = Release|x86
		{868FC4C5-5CD6-4B43-AE16-E401FE93DEA5}.Release|x86.ActiveCfg = Release|x86
		{868FC4C5-5CD6-4B43-AE16-E401FE93DEA5}.Release|x86.Build.0 = Release|x86
		{868FC4C5-5CD6-4B43-AE16-E401FE93DEA5}.SingleImage|Any CPU.ActiveCfg = Release|x86
		{868FC4C5-5CD6-4B43-AE16-E401FE93DEA5}.SingleImage|Mixed Platforms.ActiveCfg = Release|x86
		{868FC4C5-5CD6-4B43-AE16-E401FE93DEA5}.SingleImage|Mixed Platforms.Build.0 = Release|x86
		{868FC4C5-5CD6-4B43-AE16-E401FE93DEA5}.SingleImage|x64.ActiveCfg = Release|x86
		{868FC4C5-5CD6-4B43-AE16-E401FE93DEA5}.SingleImage|x86.ActiveCfg = Release|x86
		{868FC4C5-5CD6-4B43-AE16-E401FE93DEA5}.SingleImage|x86.Build.0 = Release|x86
	EndGlobalSection
	GlobalSection(SolutionProperties) = preSolution
		HideSolutionNode = FALSE
	EndGlobalSection
EndGlobal
